
Microsoft Visual Studio Solution File, Format Version 12.00
# Visual Studio 15
VisualStudioVersion = 15.0.28010.2048
MinimumVisualStudioVersion = 10.0.40219.1
Project("{9A19103F-16F7-4668-BE54-9A1E7A4F7556}") = "TechJobsConsole", "TechJobsConsole.csproj", "{C060A7F8-7683-473F-92F3-52F952BB6A22}"
EndProject
Global
	GlobalSection(SolutionConfigurationPlatforms) = preSolution
		Debug|Any CPU = Debug|Any CPU
		Release|Any CPU = Release|Any CPU
	EndGlobalSection
	GlobalSection(ProjectConfigurationPlatforms) = postSolution
		{C060A7F8-7683-473F-92F3-52F952BB6A22}.Debug|Any CPU.ActiveCfg = Debug|Any CPU
		{C060A7F8-7683-473F-92F3-52F952BB6A22}.Debug|Any CPU.Build.0 = Debug|Any CPU
		{C060A7F8-7683-473F-92F3-52F952BB6A22}.Release|Any CPU.ActiveCfg = Release|Any CPU
		{C060A7F8-7683-473F-92F3-52F952BB6A22}.Release|Any CPU.Build.0 = Release|Any CPU
	EndGlobalSection
	GlobalSection(SolutionProperties) = preSolution
		HideSolutionNode = FALSE
	EndGlobalSection
	GlobalSection(ExtensibilityGlobals) = postSolution
		SolutionGuid = {F0623A7D-35C6-44D1-AE1D-D95E32542B64}
	EndGlobalSection
EndGlobal
